
Microsoft Visual Studio Solution File, Format Version 12.00
# Visual Studio Version 17
VisualStudioVersion = 17.9.34723.18
MinimumVisualStudioVersion = 10.0.40219.1
Project("{9A19103F-16F7-4668-BE54-9A1E7A4F7556}") = "ShockingContent", "ShockingContent\ShockingContent.csproj", "{D0BAF153-87E9-42C0-B14A-354E75BC4890}"
EndProject
Project("{2150E333-8FDC-42A3-9474-1A3956D46DE8}") = "ThunderStore", "ThunderStore", "{DBA9808B-2621-48B7-A327-DF9863F7EA63}"
	ProjectSection(SolutionItems) = preProject
		icon.png = icon.png
		manifest.json = manifest.json
		README.md = README.md
		ShockingContent\bin\Debug\net472\ShockingContent.dll = ShockingContent\bin\Debug\net472\ShockingContent.dll
	EndProjectSection
EndProject
Global
	GlobalSection(SolutionConfigurationPlatforms) = preSolution
		Debug|Any CPU = Debug|Any CPU
		Release|Any CPU = Release|Any CPU
	EndGlobalSection
	GlobalSection(ProjectConfigurationPlatforms) = postSolution
		{D0BAF153-87E9-42C0-B14A-354E75BC4890}.Debug|Any CPU.ActiveCfg = Debug|Any CPU
		{D0BAF153-87E9-42C0-B14A-354E75BC4890}.Debug|Any CPU.Build.0 = Debug|Any CPU
		{D0BAF153-87E9-42C0-B14A-354E75BC4890}.Release|Any CPU.ActiveCfg = Release|Any CPU
		{D0BAF153-87E9-42C0-B14A-354E75BC4890}.Release|Any CPU.Build.0 = Release|Any CPU
	EndGlobalSection
	GlobalSection(SolutionProperties) = preSolution
		HideSolutionNode = FALSE
	EndGlobalSection
	GlobalSection(ExtensibilityGlobals) = postSolution
		SolutionGuid = {916E6A2A-2837-4B27-9412-CBF56D558A9D}
	EndGlobalSection
EndGlobal
